
Microsoft Visual Studio Solution File, Format Version 12.00
# Visual Studio 2013
VisualStudioVersion = 12.0.30501.0
MinimumVisualStudioVersion = 10.0.40219.1
Project("{FAE04EC0-301F-11D3-BF4B-00C04F79EFBC}") = "CShell", "CShell\CShell.csproj", "{751E2557-C070-480D-A3B9-662CDFE03907}"
EndProject
Project("{2150E333-8FDC-42A3-9474-1A3956D46DE8}") = "Files", "Files", "{CE1B7BD1-A200-4887-8090-42C10D816D2F}"
	ProjectSection(SolutionItems) = preProject
		..\Doc\Links.txt = ..\Doc\Links.txt
		..\readme.md = ..\readme.md
		..\Doc\ToDo.txt = ..\Doc\ToDo.txt
	EndProjectSection
EndProject
Project("{2150E333-8FDC-42A3-9474-1A3956D46DE8}") = ".nuget", ".nuget", "{4A604FA7-268A-4B8B-9DB6-1CD1608B77CC}"
	ProjectSection(SolutionItems) = preProject
		.nuget\NuGet.Config = .nuget\NuGet.Config
		.nuget\NuGet.exe = .nuget\NuGet.exe
		.nuget\NuGet.targets = .nuget\NuGet.targets
	EndProjectSection
EndProject
Project("{FAE04EC0-301F-11D3-BF4B-00C04F79EFBC}") = "CShell.Core", "CShell.Core\CShell.Core.csproj", "{5D2479EA-0D1E-4381-AD9C-998CCEC2DC21}"
EndProject
Project("{FAE04EC0-301F-11D3-BF4B-00C04F79EFBC}") = "CShell.Completion", "CShell.Completion\CShell.Completion.csproj", "{2ADF8E19-B896-4778-8391-BC55FB100852}"
EndProject
Project("{FAE04EC0-301F-11D3-BF4B-00C04F79EFBC}") = "CShell.Hosting", "CShell.Hosting\CShell.Hosting.csproj", "{6FEE7BD7-F709-459B-9F37-153D22AB917A}"
EndProject
Project("{FAE04EC0-301F-11D3-BF4B-00C04F79EFBC}") = "CShell.Tests", "CShell.Tests\CShell.Tests.csproj", "{380E341F-F818-4479-95D9-491318024966}"
EndProject
Global
	GlobalSection(SolutionConfigurationPlatforms) = preSolution
		Debug|Any CPU = Debug|Any CPU
		Debug|x86 = Debug|x86
		Release|Any CPU = Release|Any CPU
		Release|x86 = Release|x86
	EndGlobalSection
	GlobalSection(ProjectConfigurationPlatforms) = postSolution
		{751E2557-C070-480D-A3B9-662CDFE03907}.Debug|Any CPU.ActiveCfg = Debug|Any CPU
		{751E2557-C070-480D-A3B9-662CDFE03907}.Debug|Any CPU.Build.0 = Debug|Any CPU
		{751E2557-C070-480D-A3B9-662CDFE03907}.Debug|x86.ActiveCfg = Debug|x86
		{751E2557-C070-480D-A3B9-662CDFE03907}.Debug|x86.Build.0 = Debug|x86
		{751E2557-C070-480D-A3B9-662CDFE03907}.Release|Any CPU.ActiveCfg = Release|Any CPU
		{751E2557-C070-480D-A3B9-662CDFE03907}.Release|Any CPU.Build.0 = Release|Any CPU
		{751E2557-C070-480D-A3B9-662CDFE03907}.Release|x86.ActiveCfg = Release|x86
		{751E2557-C070-480D-A3B9-662CDFE03907}.Release|x86.Build.0 = Release|x86
		{5D2479EA-0D1E-4381-AD9C-998CCEC2DC21}.Debug|Any CPU.ActiveCfg = Debug|Any CPU
		{5D2479EA-0D1E-4381-AD9C-998CCEC2DC21}.Debug|Any CPU.Build.0 = Debug|Any CPU
		{5D2479EA-0D1E-4381-AD9C-998CCEC2DC21}.Debug|x86.ActiveCfg = Debug|Any CPU
		{5D2479EA-0D1E-4381-AD9C-998CCEC2DC21}.Release|Any CPU.ActiveCfg = Release|Any CPU
		{5D2479EA-0D1E-4381-AD9C-998CCEC2DC21}.Release|Any CPU.Build.0 = Release|Any CPU
		{5D2479EA-0D1E-4381-AD9C-998CCEC2DC21}.Release|x86.ActiveCfg = Release|Any CPU
		{2ADF8E19-B896-4778-8391-BC55FB100852}.Debug|Any CPU.ActiveCfg = Debug|Any CPU
		{2ADF8E19-B896-4778-8391-BC55FB100852}.Debug|Any CPU.Build.0 = Debug|Any CPU
		{2ADF8E19-B896-4778-8391-BC55FB100852}.Debug|x86.ActiveCfg = Debug|Any CPU
		{2ADF8E19-B896-4778-8391-BC55FB100852}.Release|Any CPU.ActiveCfg = Release|Any CPU
		{2ADF8E19-B896-4778-8391-BC55FB100852}.Release|Any CPU.Build.0 = Release|Any CPU
		{2ADF8E19-B896-4778-8391-BC55FB100852}.Release|x86.ActiveCfg = Release|Any CPU
		{6FEE7BD7-F709-459B-9F37-153D22AB917A}.Debug|Any CPU.ActiveCfg = Debug|Any CPU
		{6FEE7BD7-F709-459B-9F37-153D22AB917A}.Debug|Any CPU.Build.0 = Debug|Any CPU
		{6FEE7BD7-F709-459B-9F37-153D22AB917A}.Debug|x86.ActiveCfg = Debug|Any CPU
		{6FEE7BD7-F709-459B-9F37-153D22AB917A}.Release|Any CPU.ActiveCfg = Release|Any CPU
		{6FEE7BD7-F709-459B-9F37-153D22AB917A}.Release|Any CPU.Build.0 = Release|Any CPU
		{6FEE7BD7-F709-459B-9F37-153D22AB917A}.Release|x86.ActiveCfg = Release|Any CPU
		{380E341F-F818-4479-95D9-491318024966}.Debug|Any CPU.ActiveCfg = Debug|Any CPU
		{380E341F-F818-4479-95D9-491318024966}.Debug|Any CPU.Build.0 = Debug|Any CPU
		{380E341F-F818-4479-95D9-491318024966}.Debug|x86.ActiveCfg = Debug|Any CPU
		{380E341F-F818-4479-95D9-491318024966}.Release|Any CPU.ActiveCfg = Release|Any CPU
		{380E341F-F818-4479-95D9-491318024966}.Release|Any CPU.Build.0 = Release|Any CPU
		{380E341F-F818-4479-95D9-491318024966}.Release|x86.ActiveCfg = Release|Any CPU
	EndGlobalSection
	GlobalSection(SolutionProperties) = preSolution
		HideSolutionNode = FALSE
	EndGlobalSection
EndGlobal
